{
  "name": "frontend",
  "lockfileVersion": 3,
  "requires": true,
  "packages": {
    "": {
      "dependencies": {
        "hash-wasm": "^4.11.0"
      }
    },
    "node_modules/hash-wasm": {
      "version": "4.11.0",
      "resolved": "https://registry.npmjs.org/hash-wasm/-/hash-wasm-4.11.0.tgz",
      "integrity": "sha512-HVusNXlVqHe0fzIzdQOGolnFN6mX/fqcrSAOcTBXdvzrXVHwTz11vXeKRmkR5gTuwVpvHZEIyKoePDvuAR+XwQ==",
      "license": "MIT"
    }
  }
}
